
Microsoft Visual Studio Solution File, Format Version 12.00
# Visual Studio Version 16
VisualStudioVersion = 16.0.31005.135
MinimumVisualStudioVersion = 10.0.40219.1
Project("{FAE04EC0-301F-11D3-BF4B-00C04F79EFBC}") = "ExcelExport", "ExcelExport\ExcelExport.csproj", "{DF56170E-D332-48CF-8104-A7D5641E349B}"
EndProject
Global
	GlobalSection(SolutionConfigurationPlatforms) = preSolution
		Debug|Any CPU = Debug|Any CPU
		Release|Any CPU = Release|Any CPU
	EndGlobalSection
	GlobalSection(ProjectConfigurationPlatforms) = postSolution
		{DF56170E-D332-48CF-8104-A7D5641E349B}.Debug|Any CPU.ActiveCfg = Debug|Any CPU
		{DF56170E-D332-48CF-8104-A7D5641E349B}.Debug|Any CPU.Build.0 = Debug|Any CPU
		{DF56170E-D332-48CF-8104-A7D5641E349B}.Release|Any CPU.ActiveCfg = Release|Any CPU
		{DF56170E-D332-48CF-8104-A7D5641E349B}.Release|Any CPU.Build.0 = Release|Any CPU
	EndGlobalSection
	GlobalSection(SolutionProperties) = preSolution
		HideSolutionNode = FALSE
	EndGlobalSection
	GlobalSection(ExtensibilityGlobals) = postSolution
		SolutionGuid = {A8D2C880-CE16-4662-95EF-64799AD565AC}
	EndGlobalSection
EndGlobal
