
Microsoft Visual Studio Solution File, Format Version 12.00
# Visual Studio Version 16
VisualStudioVersion = 16.0.31005.135
MinimumVisualStudioVersion = 10.0.40219.1
Project("{FAE04EC0-301F-11D3-BF4B-00C04F79EFBC}") = "EvoluciosAlgoritmus", "EvoluciosAlgoritmus\EvoluciosAlgoritmus.csproj", "{AEEE2C68-880B-4BA3-8AD9-CD417C3767A7}"
EndProject
Global
	GlobalSection(SolutionConfigurationPlatforms) = preSolution
		Debug|Any CPU = Debug|Any CPU
		Release|Any CPU = Release|Any CPU
	EndGlobalSection
	GlobalSection(ProjectConfigurationPlatforms) = postSolution
		{AEEE2C68-880B-4BA3-8AD9-CD417C3767A7}.Debug|Any CPU.ActiveCfg = Debug|Any CPU
		{AEEE2C68-880B-4BA3-8AD9-CD417C3767A7}.Debug|Any CPU.Build.0 = Debug|Any CPU
		{AEEE2C68-880B-4BA3-8AD9-CD417C3767A7}.Release|Any CPU.ActiveCfg = Release|Any CPU
		{AEEE2C68-880B-4BA3-8AD9-CD417C3767A7}.Release|Any CPU.Build.0 = Release|Any CPU
	EndGlobalSection
	GlobalSection(SolutionProperties) = preSolution
		HideSolutionNode = FALSE
	EndGlobalSection
	GlobalSection(ExtensibilityGlobals) = postSolution
		SolutionGuid = {1E0095C4-6FB5-4B53-ABDD-10F69A288A3A}
	EndGlobalSection
EndGlobal
