
Microsoft Visual Studio Solution File, Format Version 12.00
# Visual Studio Version 16
VisualStudioVersion = 16.0.31005.135
MinimumVisualStudioVersion = 10.0.40219.1
Project("{FAE04EC0-301F-11D3-BF4B-00C04F79EFBC}") = "UserMaintenance", "UserMaintenance\UserMaintenance.csproj", "{0B770F3C-6109-44F7-A5F5-2B987B0AD9FA}"
EndProject
Project("{FAE04EC0-301F-11D3-BF4B-00C04F79EFBC}") = "VaR", "VaR\VaR.csproj", "{F557273B-D193-46B0-B7AE-7848F55B51B8}"
EndProject
Global
	GlobalSection(SolutionConfigurationPlatforms) = preSolution
		Debug|Any CPU = Debug|Any CPU
		Release|Any CPU = Release|Any CPU
	EndGlobalSection
	GlobalSection(ProjectConfigurationPlatforms) = postSolution
		{0B770F3C-6109-44F7-A5F5-2B987B0AD9FA}.Debug|Any CPU.ActiveCfg = Debug|Any CPU
		{0B770F3C-6109-44F7-A5F5-2B987B0AD9FA}.Debug|Any CPU.Build.0 = Debug|Any CPU
		{0B770F3C-6109-44F7-A5F5-2B987B0AD9FA}.Release|Any CPU.ActiveCfg = Release|Any CPU
		{0B770F3C-6109-44F7-A5F5-2B987B0AD9FA}.Release|Any CPU.Build.0 = Release|Any CPU
		{F557273B-D193-46B0-B7AE-7848F55B51B8}.Debug|Any CPU.ActiveCfg = Debug|Any CPU
		{F557273B-D193-46B0-B7AE-7848F55B51B8}.Debug|Any CPU.Build.0 = Debug|Any CPU
		{F557273B-D193-46B0-B7AE-7848F55B51B8}.Release|Any CPU.ActiveCfg = Release|Any CPU
		{F557273B-D193-46B0-B7AE-7848F55B51B8}.Release|Any CPU.Build.0 = Release|Any CPU
	EndGlobalSection
	GlobalSection(SolutionProperties) = preSolution
		HideSolutionNode = FALSE
	EndGlobalSection
	GlobalSection(ExtensibilityGlobals) = postSolution
		SolutionGuid = {595D9CEB-6455-4BBD-8BEC-29122B173214}
	EndGlobalSection
EndGlobal
